Microsoft Visual Studio Solution File, Format Version 12.00
Project("{2150E333-8FDC-42A3-9474-1A3956D46DE8}") = "Core", "Core", "{3001A00B-2505-4DFA-AA76-3D950CC20031}"
EndProject
Project("{2150E333-8FDC-42A3-9474-1A3956D46DE8}") = "Infrastructure", "Infrastructure", "{4024D93A-8243-40E9-B52A-41B149B1295C}"
EndProject
Project("{2150E333-8FDC-42A3-9474-1A3956D46DE8}") = "Application", "Application", "{736F37C1-706F-4472-8F19-F6FCCDC35D36}"
EndProject
Project("{FAE04EC0-301F-11D3-BF4B-00C04F79EFBC}") = "TimescaleDomain", "Core\TimescaleDomain\TimescaleDomain.csproj", "{3B421257-BFA5-434C-9A21-303AD442FB4B}"
EndProject
Project("{FAE04EC0-301F-11D3-BF4B-00C04F79EFBC}") = "DataReaders", "Infrastructure\DataReaders\DataReaders.csproj", "{F7CDBBAF-F3D0-4721-9A4F-1A05801BA5DF}"
EndProject
Project("{FAE04EC0-301F-11D3-BF4B-00C04F79EFBC}") = "Persistence", "Infrastructure\Persistence\Persistence.csproj", "{C45D8B0B-DF1B-4393-8CAC-B304D65AD188}"
EndProject
Project("{FAE04EC0-301F-11D3-BF4B-00C04F79EFBC}") = "StringCoder", "Infrastructure\StringCoder\StringCoder.csproj", "{20BE6059-815C-47E1-AE73-6D509432BE3D}"
EndProject
Project("{FAE04EC0-301F-11D3-BF4B-00C04F79EFBC}") = "MigrationService", "Infrastructure\MigrationService\MigrationService.csproj", "{76550566-11AA-4F75-8151-2B77ED6EEBD0}"
EndProject
Project("{FAE04EC0-301F-11D3-BF4B-00C04F79EFBC}") = "EnvLoader", "Infrastructure\EnvLoader\EnvLoader.csproj", "{EC5A053E-735D-4C5C-9F30-72639E8931E9}"
EndProject
Project("{FAE04EC0-301F-11D3-BF4B-00C04F79EFBC}") = "TimescaleApplication", "Application\TimescaleApplication\TimescaleApplication.csproj", "{1A9B900D-0B02-44A5-B697-4D999803F1BA}"
EndProject
Project("{2150E333-8FDC-42A3-9474-1A3956D46DE8}") = "Web", "Web", "{18C0BA42-4F14-4533-8079-4188D216E4ED}"
EndProject
Project("{FAE04EC0-301F-11D3-BF4B-00C04F79EFBC}") = "TimescaleWeb", "Web\TimescaleWeb\TimescaleWeb.csproj", "{32E305A7-16A4-48D7-A454-D3D4197E56D6}"
EndProject
Project("{FAE04EC0-301F-11D3-BF4B-00C04F79EFBC}") = "TimescaleExceptions", "Application\TimescaleExceptions\TimescaleExceptions.csproj", "{2C6474F7-D72C-428E-8F84-B63F00105FC3}"
EndProject
Project("{FAE04EC0-301F-11D3-BF4B-00C04F79EFBC}") = "ExceptionHandlers", "Web\ExceptionHandlers\ExceptionHandlers.csproj", "{5CA44F27-992D-4D75-A7F8-9E878CA290F4}"
EndProject
Project("{2150E333-8FDC-42A3-9474-1A3956D46DE8}") = "Tests", "Tests", "{EA059880-E7E7-45D5-9C01-44A60D08BE4A}"
EndProject
Project("{FAE04EC0-301F-11D3-BF4B-00C04F79EFBC}") = "DomainLogicTests", "Tests\DomainLogicTests\DomainLogicTests.csproj", "{BE4CF1CC-A01B-4E85-A1B9-A48A1456B0AA}"
EndProject
Project("{FAE04EC0-301F-11D3-BF4B-00C04F79EFBC}") = "SwaggerFilters", "Web\SwaggerFilters\SwaggerFilters.csproj", "{78C0D6D5-C83D-43B8-A187-9010E7366376}"
EndProject
Global
	GlobalSection(SolutionConfigurationPlatforms) = preSolution
		Debug|Any CPU = Debug|Any CPU
		Release|Any CPU = Release|Any CPU
	EndGlobalSection
	GlobalSection(NestedProjects) = preSolution
		{3B421257-BFA5-434C-9A21-303AD442FB4B} = {3001A00B-2505-4DFA-AA76-3D950CC20031}
		{F7CDBBAF-F3D0-4721-9A4F-1A05801BA5DF} = {4024D93A-8243-40E9-B52A-41B149B1295C}
		{C45D8B0B-DF1B-4393-8CAC-B304D65AD188} = {4024D93A-8243-40E9-B52A-41B149B1295C}
		{20BE6059-815C-47E1-AE73-6D509432BE3D} = {4024D93A-8243-40E9-B52A-41B149B1295C}
		{76550566-11AA-4F75-8151-2B77ED6EEBD0} = {4024D93A-8243-40E9-B52A-41B149B1295C}
		{EC5A053E-735D-4C5C-9F30-72639E8931E9} = {4024D93A-8243-40E9-B52A-41B149B1295C}
		{1A9B900D-0B02-44A5-B697-4D999803F1BA} = {736F37C1-706F-4472-8F19-F6FCCDC35D36}
		{32E305A7-16A4-48D7-A454-D3D4197E56D6} = {18C0BA42-4F14-4533-8079-4188D216E4ED}
		{2C6474F7-D72C-428E-8F84-B63F00105FC3} = {736F37C1-706F-4472-8F19-F6FCCDC35D36}
		{5CA44F27-992D-4D75-A7F8-9E878CA290F4} = {18C0BA42-4F14-4533-8079-4188D216E4ED}
		{BE4CF1CC-A01B-4E85-A1B9-A48A1456B0AA} = {EA059880-E7E7-45D5-9C01-44A60D08BE4A}
		{78C0D6D5-C83D-43B8-A187-9010E7366376} = {18C0BA42-4F14-4533-8079-4188D216E4ED}
	EndGlobalSection
	GlobalSection(ProjectConfigurationPlatforms) = postSolution
		{3B421257-BFA5-434C-9A21-303AD442FB4B}.Debug|Any CPU.ActiveCfg = Debug|Any CPU
		{3B421257-BFA5-434C-9A21-303AD442FB4B}.Debug|Any CPU.Build.0 = Debug|Any CPU
		{3B421257-BFA5-434C-9A21-303AD442FB4B}.Release|Any CPU.ActiveCfg = Release|Any CPU
		{3B421257-BFA5-434C-9A21-303AD442FB4B}.Release|Any CPU.Build.0 = Release|Any CPU
		{F7CDBBAF-F3D0-4721-9A4F-1A05801BA5DF}.Debug|Any CPU.ActiveCfg = Debug|Any CPU
		{F7CDBBAF-F3D0-4721-9A4F-1A05801BA5DF}.Debug|Any CPU.Build.0 = Debug|Any CPU
		{F7CDBBAF-F3D0-4721-9A4F-1A05801BA5DF}.Release|Any CPU.ActiveCfg = Release|Any CPU
		{F7CDBBAF-F3D0-4721-9A4F-1A05801BA5DF}.Release|Any CPU.Build.0 = Release|Any CPU
		{C45D8B0B-DF1B-4393-8CAC-B304D65AD188}.Debug|Any CPU.ActiveCfg = Debug|Any CPU
		{C45D8B0B-DF1B-4393-8CAC-B304D65AD188}.Debug|Any CPU.Build.0 = Debug|Any CPU
		{C45D8B0B-DF1B-4393-8CAC-B304D65AD188}.Release|Any CPU.ActiveCfg = Release|Any CPU
		{C45D8B0B-DF1B-4393-8CAC-B304D65AD188}.Release|Any CPU.Build.0 = Release|Any CPU
		{20BE6059-815C-47E1-AE73-6D509432BE3D}.Debug|Any CPU.ActiveCfg = Debug|Any CPU
		{20BE6059-815C-47E1-AE73-6D509432BE3D}.Debug|Any CPU.Build.0 = Debug|Any CPU
		{20BE6059-815C-47E1-AE73-6D509432BE3D}.Release|Any CPU.ActiveCfg = Release|Any CPU
		{20BE6059-815C-47E1-AE73-6D509432BE3D}.Release|Any CPU.Build.0 = Release|Any CPU
		{76550566-11AA-4F75-8151-2B77ED6EEBD0}.Debug|Any CPU.ActiveCfg = Debug|Any CPU
		{76550566-11AA-4F75-8151-2B77ED6EEBD0}.Debug|Any CPU.Build.0 = Debug|Any CPU
		{76550566-11AA-4F75-8151-2B77ED6EEBD0}.Release|Any CPU.ActiveCfg = Release|Any CPU
		{76550566-11AA-4F75-8151-2B77ED6EEBD0}.Release|Any CPU.Build.0 = Release|Any CPU
		{EC5A053E-735D-4C5C-9F30-72639E8931E9}.Debug|Any CPU.ActiveCfg = Debug|Any CPU
		{EC5A053E-735D-4C5C-9F30-72639E8931E9}.Debug|Any CPU.Build.0 = Debug|Any CPU
		{EC5A053E-735D-4C5C-9F30-72639E8931E9}.Release|Any CPU.ActiveCfg = Release|Any CPU
		{EC5A053E-735D-4C5C-9F30-72639E8931E9}.Release|Any CPU.Build.0 = Release|Any CPU
		{1A9B900D-0B02-44A5-B697-4D999803F1BA}.Debug|Any CPU.ActiveCfg = Debug|Any CPU
		{1A9B900D-0B02-44A5-B697-4D999803F1BA}.Debug|Any CPU.Build.0 = Debug|Any CPU
		{1A9B900D-0B02-44A5-B697-4D999803F1BA}.Release|Any CPU.ActiveCfg = Release|Any CPU
		{1A9B900D-0B02-44A5-B697-4D999803F1BA}.Release|Any CPU.Build.0 = Release|Any CPU
		{32E305A7-16A4-48D7-A454-D3D4197E56D6}.Debug|Any CPU.ActiveCfg = Debug|Any CPU
		{32E305A7-16A4-48D7-A454-D3D4197E56D6}.Debug|Any CPU.Build.0 = Debug|Any CPU
		{32E305A7-16A4-48D7-A454-D3D4197E56D6}.Release|Any CPU.ActiveCfg = Release|Any CPU
		{32E305A7-16A4-48D7-A454-D3D4197E56D6}.Release|Any CPU.Build.0 = Release|Any CPU
		{2C6474F7-D72C-428E-8F84-B63F00105FC3}.Debug|Any CPU.ActiveCfg = Debug|Any CPU
		{2C6474F7-D72C-428E-8F84-B63F00105FC3}.Debug|Any CPU.Build.0 = Debug|Any CPU
		{2C6474F7-D72C-428E-8F84-B63F00105FC3}.Release|Any CPU.ActiveCfg = Release|Any CPU
		{2C6474F7-D72C-428E-8F84-B63F00105FC3}.Release|Any CPU.Build.0 = Release|Any CPU
		{5CA44F27-992D-4D75-A7F8-9E878CA290F4}.Debug|Any CPU.ActiveCfg = Debug|Any CPU
		{5CA44F27-992D-4D75-A7F8-9E878CA290F4}.Debug|Any CPU.Build.0 = Debug|Any CPU
		{5CA44F27-992D-4D75-A7F8-9E878CA290F4}.Release|Any CPU.ActiveCfg = Release|Any CPU
		{5CA44F27-992D-4D75-A7F8-9E878CA290F4}.Release|Any CPU.Build.0 = Release|Any CPU
		{BE4CF1CC-A01B-4E85-A1B9-A48A1456B0AA}.Debug|Any CPU.ActiveCfg = Debug|Any CPU
		{BE4CF1CC-A01B-4E85-A1B9-A48A1456B0AA}.Debug|Any CPU.Build.0 = Debug|Any CPU
		{BE4CF1CC-A01B-4E85-A1B9-A48A1456B0AA}.Release|Any CPU.ActiveCfg = Release|Any CPU
		{BE4CF1CC-A01B-4E85-A1B9-A48A1456B0AA}.Release|Any CPU.Build.0 = Release|Any CPU
		{78C0D6D5-C83D-43B8-A187-9010E7366376}.Debug|Any CPU.ActiveCfg = Debug|Any CPU
		{78C0D6D5-C83D-43B8-A187-9010E7366376}.Debug|Any CPU.Build.0 = Debug|Any CPU
		{78C0D6D5-C83D-43B8-A187-9010E7366376}.Release|Any CPU.ActiveCfg = Release|Any CPU
		{78C0D6D5-C83D-43B8-A187-9010E7366376}.Release|Any CPU.Build.0 = Release|Any CPU
	EndGlobalSection
EndGlobal
